
Microsoft Visual Studio Solution File, Format Version 12.00
# Visual Studio Version 17
VisualStudioVersion = 17.6.33723.286
MinimumVisualStudioVersion = 10.0.40219.1
Project("{FAE04EC0-301F-11D3-BF4B-00C04F79EFBC}") = "LoginAndRegister", "LoginAndRegister\LoginAndRegister.csproj", "{42D67143-C7E8-430E-9331-FA62BFCBDAC9}"
EndProject
Project("{FAE04EC0-301F-11D3-BF4B-00C04F79EFBC}") = "BLL", "BLL\BLL.csproj", "{69B680B6-784C-4F60-8216-47171105333A}"
EndProject
Project("{FAE04EC0-301F-11D3-BF4B-00C04F79EFBC}") = "DAL", "DAL\DAL.csproj", "{7FF272C8-760C-4EF9-94FD-C37F07316777}"
EndProject
Global
	GlobalSection(SolutionConfigurationPlatforms) = preSolution
		Debug|Any CPU = Debug|Any CPU
		Release|Any CPU = Release|Any CPU
	EndGlobalSection
	GlobalSection(ProjectConfigurationPlatforms) = postSolution
		{42D67143-C7E8-430E-9331-FA62BFCBDAC9}.Debug|Any CPU.ActiveCfg = Debug|Any CPU
		{42D67143-C7E8-430E-9331-FA62BFCBDAC9}.Debug|Any CPU.Build.0 = Debug|Any CPU
		{42D67143-C7E8-430E-9331-FA62BFCBDAC9}.Release|Any CPU.ActiveCfg = Release|Any CPU
		{42D67143-C7E8-430E-9331-FA62BFCBDAC9}.Release|Any CPU.Build.0 = Release|Any CPU
		{69B680B6-784C-4F60-8216-47171105333A}.Debug|Any CPU.ActiveCfg = Debug|Any CPU
		{69B680B6-784C-4F60-8216-47171105333A}.Debug|Any CPU.Build.0 = Debug|Any CPU
		{69B680B6-784C-4F60-8216-47171105333A}.Release|Any CPU.ActiveCfg = Release|Any CPU
		{69B680B6-784C-4F60-8216-47171105333A}.Release|Any CPU.Build.0 = Release|Any CPU
		{7FF272C8-760C-4EF9-94FD-C37F07316777}.Debug|Any CPU.ActiveCfg = Debug|Any CPU
		{7FF272C8-760C-4EF9-94FD-C37F07316777}.Debug|Any CPU.Build.0 = Debug|Any CPU
		{7FF272C8-760C-4EF9-94FD-C37F07316777}.Release|Any CPU.ActiveCfg = Release|Any CPU
		{7FF272C8-760C-4EF9-94FD-C37F07316777}.Release|Any CPU.Build.0 = Release|Any CPU
	EndGlobalSection
	GlobalSection(SolutionProperties) = preSolution
		HideSolutionNode = FALSE
	EndGlobalSection
	GlobalSection(ExtensibilityGlobals) = postSolution
		SolutionGuid = {1D1658E8-4E22-433B-96A3-C940738E5112}
	EndGlobalSection
EndGlobal
